
Microsoft Visual Studio Solution File, Format Version 12.00
# Visual Studio Version 16
VisualStudioVersion = 16.0.29911.84
MinimumVisualStudioVersion = 10.0.40219.1
Project("{FAE04EC0-301F-11D3-BF4B-00C04F79EFBC}") = "XF.ControlesBasicos.Android", "XF.ControlesBasicos.Android\XF.ControlesBasicos.Android.csproj", "{0C373252-13CF-4C7E-81FF-149ACD95BFCB}"
EndProject
Project("{FAE04EC0-301F-11D3-BF4B-00C04F79EFBC}") = "XF.ControlesBasicos.iOS", "XF.ControlesBasicos.iOS\XF.ControlesBasicos.iOS.csproj", "{A2587695-5FED-45B5-9C2C-3F36EDFF5587}"
EndProject
Project("{FAE04EC0-301F-11D3-BF4B-00C04F79EFBC}") = "XF.ControlesBasicos", "XF.ControlesBasicos\XF.ControlesBasicos.csproj", "{9C8C82D4-F3EE-40AE-AA34-00BF6C466A7B}"
EndProject
Global
	GlobalSection(SolutionConfigurationPlatforms) = preSolution
		Debug|Any CPU = Debug|Any CPU
		Debug|iPhone = Debug|iPhone
		Debug|iPhoneSimulator = Debug|iPhoneSimulator
		Release|Any CPU = Release|Any CPU
		Release|iPhone = Release|iPhone
		Release|iPhoneSimulator = Release|iPhoneSimulator
	EndGlobalSection
	GlobalSection(ProjectConfigurationPlatforms) = postSolution
		{0C373252-13CF-4C7E-81FF-149ACD95BFCB}.Debug|Any CPU.ActiveCfg = Debug|Any CPU
		{0C373252-13CF-4C7E-81FF-149ACD95BFCB}.Debug|Any CPU.Build.0 = Debug|Any CPU
		{0C373252-13CF-4C7E-81FF-149ACD95BFCB}.Debug|Any CPU.Deploy.0 = Debug|Any CPU
		{0C373252-13CF-4C7E-81FF-149ACD95BFCB}.Debug|iPhone.ActiveCfg = Debug|Any CPU
		{0C373252-13CF-4C7E-81FF-149ACD95BFCB}.Debug|iPhone.Build.0 = Debug|Any CPU
		{0C373252-13CF-4C7E-81FF-149ACD95BFCB}.Debug|iPhone.Deploy.0 = Debug|Any CPU
		{0C373252-13CF-4C7E-81FF-149ACD95BFCB}.Debug|iPhoneSimulator.ActiveCfg = Debug|Any CPU
		{0C373252-13CF-4C7E-81FF-149ACD95BFCB}.Debug|iPhoneSimulator.Build.0 = Debug|Any CPU
		{0C373252-13CF-4C7E-81FF-149ACD95BFCB}.Debug|iPhoneSimulator.Deploy.0 = Debug|Any CPU
		{0C373252-13CF-4C7E-81FF-149ACD95BFCB}.Release|Any CPU.ActiveCfg = Release|Any CPU
		{0C373252-13CF-4C7E-81FF-149ACD95BFCB}.Release|Any CPU.Build.0 = Release|Any CPU
		{0C373252-13CF-4C7E-81FF-149ACD95BFCB}.Release|Any CPU.Deploy.0 = Release|Any CPU
		{0C373252-13CF-4C7E-81FF-149ACD95BFCB}.Release|iPhone.ActiveCfg = Release|Any CPU
		{0C373252-13CF-4C7E-81FF-149ACD95BFCB}.Release|iPhone.Build.0 = Release|Any CPU
		{0C373252-13CF-4C7E-81FF-149ACD95BFCB}.Release|iPhone.Deploy.0 = Release|Any CPU
		{0C373252-13CF-4C7E-81FF-149ACD95BFCB}.Release|iPhoneSimulator.ActiveCfg = Release|Any CPU
		{0C373252-13CF-4C7E-81FF-149ACD95BFCB}.Release|iPhoneSimulator.Build.0 = Release|Any CPU
		{0C373252-13CF-4C7E-81FF-149ACD95BFCB}.Release|iPhoneSimulator.Deploy.0 = Release|Any CPU
		{A2587695-5FED-45B5-9C2C-3F36EDFF5587}.Debug|Any CPU.ActiveCfg = Debug|iPhone
		{A2587695-5FED-45B5-9C2C-3F36EDFF5587}.Debug|Any CPU.Build.0 = Debug|iPhone
		{A2587695-5FED-45B5-9C2C-3F36EDFF5587}.Debug|Any CPU.Deploy.0 = Debug|iPhone
		{A2587695-5FED-45B5-9C2C-3F36EDFF5587}.Debug|iPhone.ActiveCfg = Debug|iPhone
		{A2587695-5FED-45B5-9C2C-3F36EDFF5587}.Debug|iPhone.Build.0 = Debug|iPhone
		{A2587695-5FED-45B5-9C2C-3F36EDFF5587}.Debug|iPhone.Deploy.0 = Debug|iPhone
		{A2587695-5FED-45B5-9C2C-3F36EDFF5587}.Debug|iPhoneSimulator.ActiveCfg = Debug|iPhoneSimulator
		{A2587695-5FED-45B5-9C2C-3F36EDFF5587}.Debug|iPhoneSimulator.Build.0 = Debug|iPhoneSimulator
		{A2587695-5FED-45B5-9C2C-3F36EDFF5587}.Debug|iPhoneSimulator.Deploy.0 = Debug|iPhoneSimulator
		{A2587695-5FED-45B5-9C2C-3F36EDFF5587}.Release|Any CPU.ActiveCfg = Release|iPhone
		{A2587695-5FED-45B5-9C2C-3F36EDFF5587}.Release|Any CPU.Build.0 = Release|iPhone
		{A2587695-5FED-45B5-9C2C-3F36EDFF5587}.Release|Any CPU.Deploy.0 = Release|iPhone
		{A2587695-5FED-45B5-9C2C-3F36EDFF5587}.Release|iPhone.ActiveCfg = Release|iPhone
		{A2587695-5FED-45B5-9C2C-3F36EDFF5587}.Release|iPhone.Build.0 = Release|iPhone
		{A2587695-5FED-45B5-9C2C-3F36EDFF5587}.Release|iPhone.Deploy.0 = Release|iPhone
		{A2587695-5FED-45B5-9C2C-3F36EDFF5587}.Release|iPhoneSimulator.ActiveCfg = Release|iPhoneSimulator
		{A2587695-5FED-45B5-9C2C-3F36EDFF5587}.Release|iPhoneSimulator.Build.0 = Release|iPhoneSimulator
		{A2587695-5FED-45B5-9C2C-3F36EDFF5587}.Release|iPhoneSimulator.Deploy.0 = Release|iPhoneSimulator
		{9C8C82D4-F3EE-40AE-AA34-00BF6C466A7B}.Debug|Any CPU.ActiveCfg = Debug|Any CPU
		{9C8C82D4-F3EE-40AE-AA34-00BF6C466A7B}.Debug|Any CPU.Build.0 = Debug|Any CPU
		{9C8C82D4-F3EE-40AE-AA34-00BF6C466A7B}.Debug|Any CPU.Deploy.0 = Debug|Any CPU
		{9C8C82D4-F3EE-40AE-AA34-00BF6C466A7B}.Debug|iPhone.ActiveCfg = Debug|Any CPU
		{9C8C82D4-F3EE-40AE-AA34-00BF6C466A7B}.Debug|iPhone.Build.0 = Debug|Any CPU
		{9C8C82D4-F3EE-40AE-AA34-00BF6C466A7B}.Debug|iPhone.Deploy.0 = Debug|Any CPU
		{9C8C82D4-F3EE-40AE-AA34-00BF6C466A7B}.Debug|iPhoneSimulator.ActiveCfg = Debug|Any CPU
		{9C8C82D4-F3EE-40AE-AA34-00BF6C466A7B}.Debug|iPhoneSimulator.Build.0 = Debug|Any CPU
		{9C8C82D4-F3EE-40AE-AA34-00BF6C466A7B}.Debug|iPhoneSimulator.Deploy.0 = Debug|Any CPU
		{9C8C82D4-F3EE-40AE-AA34-00BF6C466A7B}.Release|Any CPU.ActiveCfg = Release|Any CPU
		{9C8C82D4-F3EE-40AE-AA34-00BF6C466A7B}.Release|Any CPU.Build.0 = Release|Any CPU
		{9C8C82D4-F3EE-40AE-AA34-00BF6C466A7B}.Release|Any CPU.Deploy.0 = Release|Any CPU
		{9C8C82D4-F3EE-40AE-AA34-00BF6C466A7B}.Release|iPhone.ActiveCfg = Release|Any CPU
		{9C8C82D4-F3EE-40AE-AA34-00BF6C466A7B}.Release|iPhone.Build.0 = Release|Any CPU
		{9C8C82D4-F3EE-40AE-AA34-00BF6C466A7B}.Release|iPhone.Deploy.0 = Release|Any CPU
		{9C8C82D4-F3EE-40AE-AA34-00BF6C466A7B}.Release|iPhoneSimulator.ActiveCfg = Release|Any CPU
		{9C8C82D4-F3EE-40AE-AA34-00BF6C466A7B}.Release|iPhoneSimulator.Build.0 = Release|Any CPU
		{9C8C82D4-F3EE-40AE-AA34-00BF6C466A7B}.Release|iPhoneSimulator.Deploy.0 = Release|Any CPU
	EndGlobalSection
	GlobalSection(SolutionProperties) = preSolution
		HideSolutionNode = FALSE
	EndGlobalSection
	GlobalSection(ExtensibilityGlobals) = postSolution
		SolutionGuid = {A77433BE-FAC3-41FE-9160-A58B037545C8}
	EndGlobalSection
EndGlobal
